
Microsoft Visual Studio Solution File, Format Version 12.00
# Visual Studio 2012
Project("{8BC9CEB8-8B4A-11D0-8D11-00A0C91BC942}") = "civetweb_yassl", "civetweb_yassl\civetweb_yassl.vcxproj", "{F02517CC-F896-41A2-86E4-509E55C70059}"
EndProject
Project("{8BC9CEB8-8B4A-11D0-8D11-00A0C91BC942}") = "yassl_lib", "yassl_lib\yassl_lib.vcxproj", "{8C0C878B-BBD6-4241-BCA6-61753FFCC7F1}"
EndProject
Global
	GlobalSection(SolutionConfigurationPlatforms) = preSolution
		Debug|Win32 = Debug|Win32
		Debug|x64 = Debug|x64
		Release|Win32 = Release|Win32
		Release|x64 = Release|x64
	EndGlobalSection
	GlobalSection(ProjectConfigurationPlatforms) = postSolution
		{F02517CC-F896-41A2-86E4-509E55C70059}.Debug|Win32.ActiveCfg = Debug|Win32
		{F02517CC-F896-41A2-86E4-509E55C70059}.Debug|Win32.Build.0 = Debug|Win32
		{F02517CC-F896-41A2-86E4-509E55C70059}.Debug|x64.ActiveCfg = Debug|x64
		{F02517CC-F896-41A2-86E4-509E55C70059}.Debug|x64.Build.0 = Debug|x64
		{F02517CC-F896-41A2-86E4-509E55C70059}.Release|Win32.ActiveCfg = Release|Win32
		{F02517CC-F896-41A2-86E4-509E55C70059}.Release|Win32.Build.0 = Release|Win32
		{F02517CC-F896-41A2-86E4-509E55C70059}.Release|x64.ActiveCfg = Release|x64
		{F02517CC-F896-41A2-86E4-509E55C70059}.Release|x64.Build.0 = Release|x64
		{8C0C878B-BBD6-4241-BCA6-61753FFCC7F1}.Debug|Win32.ActiveCfg = Debug|Win32
		{8C0C878B-BBD6-4241-BCA6-61753FFCC7F1}.Debug|Win32.Build.0 = Debug|Win32
		{8C0C878B-BBD6-4241-BCA6-61753FFCC7F1}.Debug|x64.ActiveCfg = Debug|x64
		{8C0C878B-BBD6-4241-BCA6-61753FFCC7F1}.Debug|x64.Build.0 = Debug|x64
		{8C0C878B-BBD6-4241-BCA6-61753FFCC7F1}.Release|Win32.ActiveCfg = Release|Win32
		{8C0C878B-BBD6-4241-BCA6-61753FFCC7F1}.Release|Win32.Build.0 = Release|Win32
		{8C0C878B-BBD6-4241-BCA6-61753FFCC7F1}.Release|x64.ActiveCfg = Release|x64
		{8C0C878B-BBD6-4241-BCA6-61753FFCC7F1}.Release|x64.Build.0 = Release|x64
	EndGlobalSection
	GlobalSection(SolutionProperties) = preSolution
		HideSolutionNode = FALSE
	EndGlobalSection
EndGlobal
